
Microsoft Visual Studio Solution File, Format Version 12.00
# Visual Studio 2013
VisualStudioVersion = 12.0.21005.1
MinimumVisualStudioVersion = 10.0.40219.1
Project("{FAE04EC0-301F-11D3-BF4B-00C04F79EFBC}") = "DMSBusinessService", "DMSBusinessService\DMSBusinessService.csproj", "{9AC40D69-81DC-496A-878C-32256ACA567B}"
EndProject
Project("{2150E333-8FDC-42A3-9474-1A3956D46DE8}") = "UI", "UI", "{B1041F34-3F27-4402-A282-4D95DCF3183E}"
EndProject
Project("{FAE04EC0-301F-11D3-BF4B-00C04F79EFBC}") = "DataAccess", "DataAccess\DataAccess.csproj", "{68EBD9A6-7E73-416B-8E47-916999F507E0}"
EndProject
Project("{2150E333-8FDC-42A3-9474-1A3956D46DE8}") = "DB", "DB", "{5A6872FF-78A1-4DBE-A428-78309C9C417D}"
EndProject
Global
	GlobalSection(SolutionConfigurationPlatforms) = preSolution
		Debug|Any CPU = Debug|Any CPU
		Release|Any CPU = Release|Any CPU
	EndGlobalSection
	GlobalSection(ProjectConfigurationPlatforms) = postSolution
		{9AC40D69-81DC-496A-878C-32256ACA567B}.Debug|Any CPU.ActiveCfg = Debug|Any CPU
		{9AC40D69-81DC-496A-878C-32256ACA567B}.Debug|Any CPU.Build.0 = Debug|Any CPU
		{9AC40D69-81DC-496A-878C-32256ACA567B}.Release|Any CPU.ActiveCfg = Release|Any CPU
		{9AC40D69-81DC-496A-878C-32256ACA567B}.Release|Any CPU.Build.0 = Release|Any CPU
		{68EBD9A6-7E73-416B-8E47-916999F507E0}.Debug|Any CPU.ActiveCfg = Debug|Any CPU
		{68EBD9A6-7E73-416B-8E47-916999F507E0}.Debug|Any CPU.Build.0 = Debug|Any CPU
		{68EBD9A6-7E73-416B-8E47-916999F507E0}.Release|Any CPU.ActiveCfg = Release|Any CPU
		{68EBD9A6-7E73-416B-8E47-916999F507E0}.Release|Any CPU.Build.0 = Release|Any CPU
	EndGlobalSection
	GlobalSection(SolutionProperties) = preSolution
		HideSolutionNode = FALSE
	EndGlobalSection
EndGlobal
